
Microsoft Visual Studio Solution File, Format Version 12.00
# Visual Studio Version 16
VisualStudioVersion = 16.0.31205.134
MinimumVisualStudioVersion = 10.0.40219.1
Project("{FAE04EC0-301F-11D3-BF4B-00C04F79EFBC}") = "WebApi", "WebApplication1\WebApi.csproj", "{BD9844CF-5C36-4987-91B8-6E0D70809201}"
EndProject
Project("{FAE04EC0-301F-11D3-BF4B-00C04F79EFBC}") = "Entity", "Entity\Entity.csproj", "{18BAAC97-2F22-455E-9067-7003926D76EB}"
EndProject
Project("{FAE04EC0-301F-11D3-BF4B-00C04F79EFBC}") = "DataAccess", "DataAccess\DataAccess.csproj", "{CE8AF378-2C83-45C9-820F-8F9DCB669A80}"
EndProject
Global
	GlobalSection(SolutionConfigurationPlatforms) = preSolution
		Debug|Any CPU = Debug|Any CPU
		Release|Any CPU = Release|Any CPU
	EndGlobalSection
	GlobalSection(ProjectConfigurationPlatforms) = postSolution
		{BD9844CF-5C36-4987-91B8-6E0D70809201}.Debug|Any CPU.ActiveCfg = Debug|Any CPU
		{BD9844CF-5C36-4987-91B8-6E0D70809201}.Debug|Any CPU.Build.0 = Debug|Any CPU
		{BD9844CF-5C36-4987-91B8-6E0D70809201}.Release|Any CPU.ActiveCfg = Release|Any CPU
		{BD9844CF-5C36-4987-91B8-6E0D70809201}.Release|Any CPU.Build.0 = Release|Any CPU
		{18BAAC97-2F22-455E-9067-7003926D76EB}.Debug|Any CPU.ActiveCfg = Debug|Any CPU
		{18BAAC97-2F22-455E-9067-7003926D76EB}.Debug|Any CPU.Build.0 = Debug|Any CPU
		{18BAAC97-2F22-455E-9067-7003926D76EB}.Release|Any CPU.ActiveCfg = Release|Any CPU
		{18BAAC97-2F22-455E-9067-7003926D76EB}.Release|Any CPU.Build.0 = Release|Any CPU
		{CE8AF378-2C83-45C9-820F-8F9DCB669A80}.Debug|Any CPU.ActiveCfg = Debug|Any CPU
		{CE8AF378-2C83-45C9-820F-8F9DCB669A80}.Debug|Any CPU.Build.0 = Debug|Any CPU
		{CE8AF378-2C83-45C9-820F-8F9DCB669A80}.Release|Any CPU.ActiveCfg = Release|Any CPU
		{CE8AF378-2C83-45C9-820F-8F9DCB669A80}.Release|Any CPU.Build.0 = Release|Any CPU
	EndGlobalSection
	GlobalSection(SolutionProperties) = preSolution
		HideSolutionNode = FALSE
	EndGlobalSection
	GlobalSection(ExtensibilityGlobals) = postSolution
		SolutionGuid = {0681F047-5FAB-4555-9F74-E9DEBCE223B7}
	EndGlobalSection
EndGlobal
